
Microsoft Visual Studio Solution File, Format Version 12.00
# Visual Studio 15
VisualStudioVersion = 15.0.27703.2042
MinimumVisualStudioVersion = 10.0.40219.1
Project("{FAE04EC0-301F-11D3-BF4B-00C04F79EFBC}") = "AutoFB", "AutoFB\AutoFB.csproj", "{4D35F0A7-00BE-44E9-9680-73896DA57F9B}"
EndProject
Global
	GlobalSection(SolutionConfigurationPlatforms) = preSolution
		Debug|Any CPU = Debug|Any CPU
		Release|Any CPU = Release|Any CPU
	EndGlobalSection
	GlobalSection(ProjectConfigurationPlatforms) = postSolution
		{4D35F0A7-00BE-44E9-9680-73896DA57F9B}.Debug|Any CPU.ActiveCfg = Debug|Any CPU
		{4D35F0A7-00BE-44E9-9680-73896DA57F9B}.Debug|Any CPU.Build.0 = Debug|Any CPU
		{4D35F0A7-00BE-44E9-9680-73896DA57F9B}.Release|Any CPU.ActiveCfg = Release|Any CPU
		{4D35F0A7-00BE-44E9-9680-73896DA57F9B}.Release|Any CPU.Build.0 = Release|Any CPU
	EndGlobalSection
	GlobalSection(SolutionProperties) = preSolution
		HideSolutionNode = FALSE
	EndGlobalSection
	GlobalSection(ExtensibilityGlobals) = postSolution
		SolutionGuid = {1C6B3A47-0F54-4436-A7FF-1BCFD40F9842}
	EndGlobalSection
EndGlobal
